// !$*UTF8*$!
{
	archiveVersion = 1;
	classes = {
	};
	objectVersion = 51;
	objects = {

/* Begin PBXBuildFile section */
		5D4E0560284768AD00FA4768 /* AppDelegate.swift in Sources */ = {isa = PBXBuildFile; fileRef = 5D4E055F284768AD00FA4768 /* AppDelegate.swift */; };
		5D4E0562284768AD00FA4768 /* SceneDelegate.swift in Sources */ = {isa = PBXBuildFile; fileRef = 5D4E0561284768AD00FA4768 /* SceneDelegate.swift */; };
		5D4E0564284768AD00FA4768 /* ViewController.swift in Sources */ = {isa = PBXBuildFile; fileRef = 5D4E0563284768AD00FA4768 /* ViewController.swift */; };
		5D4E0567284768AD00FA4768 /* Main.storyboard in Resources */ = {isa = PBXBuildFile; fileRef = 5D4E0565284768AD00FA4768 /* Main.storyboard */; };
		5D4E0569284768AE00FA4768 /* Assets.xcassets in Resources */ = {isa = PBXBuildFile; fileRef = 5D4E0568284768AE00FA4768 /* Assets.xcassets */; };
		5D4E056C284768AE00FA4768 /* LaunchScreen.storyboard in Resources */ = {isa = PBXBuildFile; fileRef = 5D4E056A284768AE00FA4768 /* LaunchScreen.storyboard */; };
		5D4E057D2847743600FA4768 /* Results.swift in Sources */ = {isa = PBXBuildFile; fileRef = 5D4E057C2847743600FA4768 /* Results.swift */; };
		5D4E05812847745B00FA4768 /* Articles.swift in Sources */ = {isa = PBXBuildFile; fileRef = 5D4E057F2847745B00FA4768 /* Articles.swift */; };
		5D4E05822847745B00FA4768 /* Source.swift in Sources */ = {isa = PBXBuildFile; fileRef = 5D4E05802847745B00FA4768 /* Source.swift */; };
		5D4E0587284779B600FA4768 /* ResultViewModel.swift in Sources */ = {isa = PBXBuildFile; fileRef = 5D4E0586284779B600FA4768 /* ResultViewModel.swift */; };
		5D4E058B28477BF100FA4768 /* DetailTableViewCell.swift in Sources */ = {isa = PBXBuildFile; fileRef = 5D4E058A28477BF100FA4768 /* DetailTableViewCell.swift */; };
		5D4E059D284797FD00FA4768 /* DescriptionViewController.swift in Sources */ = {isa = PBXBuildFile; fileRef = 5D4E059C284797FD00FA4768 /* DescriptionViewController.swift */; };
		5D4E05B22847ABE800FA4768 /* Lazyimageloaderview.swift in Sources */ = {isa = PBXBuildFile; fileRef = 5D4E05B12847ABE800FA4768 /* Lazyimageloaderview.swift */; };
		EB8EF84954E67312DF0EDBA1 /* Pods_NewsApp.framework in Frameworks */ = {isa = PBXBuildFile; fileRef = FF56F426051866AF04E2D222 /* Pods_NewsApp.framework */; };
/* End PBXBuildFile section */

/* Begin PBXFileReference section */
		45953A6A69EFD300E7244AE8 /* Pods-NewsApp.debug.xcconfig */ = {isa = PBXFileReference; includeInIndex = 1; lastKnownFileType = text.xcconfig; name = "Pods-NewsApp.debug.xcconfig"; path = "Target Support Files/Pods-NewsApp/Pods-NewsApp.debug.xcconfig"; sourceTree = "<group>"; };
		47B8706C3A38DCFC5CA95F68 /* Pods-NewsApp.release.xcconfig */ = {isa = PBXFileReference; includeInIndex = 1; lastKnownFileType = text.xcconfig; name = "Pods-NewsApp.release.xcconfig"; path = "Target Support Files/Pods-NewsApp/Pods-NewsApp.release.xcconfig"; sourceTree = "<group>"; };
		5D4E055C284768AD00FA4768 /* NewsApp.app */ = {isa = PBXFileReference; explicitFileType = wrapper.application; includeInIndex = 0; path = NewsApp.app; sourceTree = BUILT_PRODUCTS_DIR; };
		5D4E055F284768AD00FA4768 /* AppDelegate.swift */ = {isa = PBXFileReference; lastKnownFileType = sourcecode.swift; path = AppDelegate.swift; sourceTree = "<group>"; };
		5D4E0561284768AD00FA4768 /* SceneDelegate.swift */ = {isa = PBXFileReference; lastKnownFileType = sourcecode.swift; path = SceneDelegate.swift; sourceTree = "<group>"; };
		5D4E0563284768AD00FA4768 /* ViewController.swift */ = {isa = PBXFileReference; lastKnownFileType = sourcecode.swift; path = ViewController.swift; sourceTree = "<group>"; };
		5D4E0566284768AD00FA4768 /* Base */ = {isa = PBXFileReference; lastKnownFileType = file.storyboard; name = Base; path = Base.lproj/Main.storyboard; sourceTree = "<group>"; };
		5D4E0568284768AE00FA4768 /* Assets.xcassets */ = {isa = PBXFileReference; lastKnownFileType = folder.assetcatalog; path = Assets.xcassets; sourceTree = "<group>"; };
		5D4E056B284768AE00FA4768 /* Base */ = {isa = PBXFileReference; lastKnownFileType = file.storyboard; name = Base; path = Base.lproj/LaunchScreen.storyboard; sourceTree = "<group>"; };
		5D4E056D284768AE00FA4768 /* Info.plist */ = {isa = PBXFileReference; lastKnownFileType = text.plist.xml; path = Info.plist; sourceTree = "<group>"; };
		5D4E057C2847743600FA4768 /* Results.swift */ = {isa = PBXFileReference; fileEncoding = 4; lastKnownFileType = sourcecode.swift; path = Results.swift; sourceTree = "<group>"; };
		5D4E057F2847745B00FA4768 /* Articles.swift */ = {isa = PBXFileReference; fileEncoding = 4; lastKnownFileType = sourcecode.swift; path = Articles.swift; sourceTree = "<group>"; };
		5D4E05802847745B00FA4768 /* Source.swift */ = {isa = PBXFileReference; fileEncoding = 4; lastKnownFileType = sourcecode.swift; path = Source.swift; sourceTree = "<group>"; };
		5D4E0586284779B600FA4768 /* ResultViewModel.swift */ = {isa = PBXFileReference; lastKnownFileType = sourcecode.swift; path = ResultViewModel.swift; sourceTree = "<group>"; };
		5D4E058A28477BF100FA4768 /* DetailTableViewCell.swift */ = {isa = PBXFileReference; lastKnownFileType = sourcecode.swift; path = DetailTableViewCell.swift; sourceTree = "<group>"; };
		5D4E059C284797FD00FA4768 /* DescriptionViewController.swift */ = {isa = PBXFileReference; lastKnownFileType = sourcecode.swift; path = DescriptionViewController.swift; sourceTree = "<group>"; };
		5D4E05B12847ABE800FA4768 /* Lazyimageloaderview.swift */ = {isa = PBXFileReference; lastKnownFileType = sourcecode.swift; path = Lazyimageloaderview.swift; sourceTree = "<group>"; };
		FF56F426051866AF04E2D222 /* Pods_NewsApp.framework */ = {isa = PBXFileReference; explicitFileType = wrapper.framework; includeInIndex = 0; path = Pods_NewsApp.framework; sourceTree = BUILT_PRODUCTS_DIR; };
/* End PBXFileReference section */

/* Begin PBXFrameworksBuildPhase section */
		5D4E0559284768AD00FA4768 /* Frameworks */ = {
			isa = PBXFrameworksBuildPhase;
			buildActionMask = 2147483647;
			files = (
				EB8EF84954E67312DF0EDBA1 /* Pods_NewsApp.framework in Frameworks */,
			);
			runOnlyForDeploymentPostprocessing = 0;
		};
/* End PBXFrameworksBuildPhase section */

/* Begin PBXGroup section */
		2546839FC39A8529852219B7 /* Pods */ = {
			isa = PBXGroup;
			children = (
				45953A6A69EFD300E7244AE8 /* Pods-NewsApp.debug.xcconfig */,
				47B8706C3A38DCFC5CA95F68 /* Pods-NewsApp.release.xcconfig */,
			);
			path = Pods;
			sourceTree = "<group>";
		};
		5D4E0553284768AD00FA4768 = {
			isa = PBXGroup;
			children = (
				5D4E055E284768AD00FA4768 /* NewsApp */,
				5D4E055D284768AD00FA4768 /* Products */,
				2546839FC39A8529852219B7 /* Pods */,
				CC5A9B81BAD151743E99A156 /* Frameworks */,
			);
			sourceTree = "<group>";
		};
		5D4E055D284768AD00FA4768 /* Products */ = {
			isa = PBXGroup;
			children = (
				5D4E055C284768AD00FA4768 /* NewsApp.app */,
			);
			name = Products;
			sourceTree = "<group>";
		};
		5D4E055E284768AD00FA4768 /* NewsApp */ = {
			isa = PBXGroup;
			children = (
				5D4E057A2847698C00FA4768 /* Resources */,
				5D4E05792847698200FA4768 /* Controller */,
				5D4E05782847697B00FA4768 /* View */,
				5D4E05772847697500FA4768 /* Model */,
				5D4E056D284768AE00FA4768 /* Info.plist */,
			);
			path = NewsApp;
			sourceTree = "<group>";
		};
		5D4E05772847697500FA4768 /* Model */ = {
			isa = PBXGroup;
			children = (
				5D4E05852847796000FA4768 /* View-Model */,
				5D4E057F2847745B00FA4768 /* Articles.swift */,
				5D4E05802847745B00FA4768 /* Source.swift */,
				5D4E057C2847743600FA4768 /* Results.swift */,
				5D4E05B12847ABE800FA4768 /* Lazyimageloaderview.swift */,
			);
			path = Model;
			sourceTree = "<group>";
		};
		5D4E05782847697B00FA4768 /* View */ = {
			isa = PBXGroup;
			children = (
				5D4E056A284768AE00FA4768 /* LaunchScreen.storyboard */,
				5D4E0565284768AD00FA4768 /* Main.storyboard */,
				5D4E058A28477BF100FA4768 /* DetailTableViewCell.swift */,
			);
			path = View;
			sourceTree = "<group>";
		};
		5D4E05792847698200FA4768 /* Controller */ = {
			isa = PBXGroup;
			children = (
				5D4E059C284797FD00FA4768 /* DescriptionViewController.swift */,
				5D4E0563284768AD00FA4768 /* ViewController.swift */,
			);
			path = Controller;
			sourceTree = "<group>";
		};
		5D4E057A2847698C00FA4768 /* Resources */ = {
			isa = PBXGroup;
			children = (
				5D4E0561284768AD00FA4768 /* SceneDelegate.swift */,
				5D4E055F284768AD00FA4768 /* AppDelegate.swift */,
				5D4E0568284768AE00FA4768 /* Assets.xcassets */,
			);
			path = Resources;
			sourceTree = "<group>";
		};
		5D4E05852847796000FA4768 /* View-Model */ = {
			isa = PBXGroup;
			children = (
				5D4E0586284779B600FA4768 /* ResultViewModel.swift */,
			);
			path = "View-Model";
			sourceTree = "<group>";
		};
		CC5A9B81BAD151743E99A156 /* Frameworks */ = {
			isa = PBXGroup;
			children = (
				FF56F426051866AF04E2D222 /* Pods_NewsApp.framework */,
			);
			name = Frameworks;
			sourceTree = "<group>";
		};
/* End PBXGroup section */

/* Begin PBXNativeTarget section */
		5D4E055B284768AD00FA4768 /* NewsApp */ = {
			isa = PBXNativeTarget;
			buildConfigurationList = 5D4E0570284768AE00FA4768 /* Build configuration list for PBXNativeTarget "NewsApp" */;
			buildPhases = (
				F00F9395D5B7ACA908021935 /* [CP] Check Pods Manifest.lock */,
				5D4E0558284768AD00FA4768 /* Sources */,
				5D4E0559284768AD00FA4768 /* Frameworks */,
				5D4E055A284768AD00FA4768 /* Resources */,
				97F9CDBDA0BF36A594A1FB08 /* [CP] Embed Pods Frameworks */,
			);
			buildRules = (
			);
			dependencies = (
			);
			name = NewsApp;
			productName = NewsApp;
			productReference = 5D4E055C284768AD00FA4768 /* NewsApp.app */;
			productType = "com.apple.product-type.application";
		};
/* End PBXNativeTarget section */

/* Begin PBXProject section */
		5D4E0554284768AD00FA4768 /* Project object */ = {
			isa = PBXProject;
			attributes = {
				LastSwiftUpdateCheck = 1240;
				LastUpgradeCheck = 1240;
				TargetAttributes = {
					5D4E055B284768AD00FA4768 = {
						CreatedOnToolsVersion = 12.4;
					};
				};
			};
			buildConfigurationList = 5D4E0557284768AD00FA4768 /* Build configuration list for PBXProject "NewsApp" */;
			compatibilityVersion = "Xcode 9.3";
			developmentRegion = en;
			hasScannedForEncodings = 0;
			knownRegions = (
				en,
				Base,
			);
			mainGroup = 5D4E0553284768AD00FA4768;
			productRefGroup = 5D4E055D284768AD00FA4768 /* Products */;
			projectDirPath = "";
			projectRoot = "";
			targets = (
				5D4E055B284768AD00FA4768 /* NewsApp */,
			);
		};
/* End PBXProject section */

/* Begin PBXResourcesBuildPhase section */
		5D4E055A284768AD00FA4768 /* Resources */ = {
			isa = PBXResourcesBuildPhase;
			buildActionMask = 2147483647;
			files = (
				5D4E056C284768AE00FA4768 /* LaunchScreen.storyboard in Resources */,
				5D4E0569284768AE00FA4768 /* Assets.xcassets in Resources */,
				5D4E0567284768AD00FA4768 /* Main.storyboard in Resources */,
			);
			runOnlyForDeploymentPostprocessing = 0;
		};
/* End PBXResourcesBuildPhase section */

/* Begin PBXShellScriptBuildPhase section */
		97F9CDBDA0BF36A594A1FB08 /* [CP] Embed Pods Frameworks */ = {
			isa = PBXShellScriptBuildPhase;
			buildActionMask = 2147483647;
			files = (
			);
			inputFileListPaths = (
				"${PODS_ROOT}/Target Support Files/Pods-NewsApp/Pods-NewsApp-frameworks-${CONFIGURATION}-input-files.xcfilelist",
			);
			name = "[CP] Embed Pods Frameworks";
			outputFileListPaths = (
				"${PODS_ROOT}/Target Support Files/Pods-NewsApp/Pods-NewsApp-frameworks-${CONFIGURATION}-output-files.xcfilelist",
			);
			runOnlyForDeploymentPostprocessing = 0;
			shellPath = /bin/sh;
			shellScript = "\"${PODS_ROOT}/Target Support Files/Pods-NewsApp/Pods-NewsApp-frameworks.sh\"\n";
			showEnvVarsInLog = 0;
		};
		F00F9395D5B7ACA908021935 /* [CP] Check Pods Manifest.lock */ = {
			isa = PBXShellScriptBuildPhase;
			buildActionMask = 2147483647;
			files = (
			);
			inputFileListPaths = (
			);
			inputPaths = (
				"${PODS_PODFILE_DIR_PATH}/Podfile.lock",
				"${PODS_ROOT}/Manifest.lock",
			);
			name = "[CP] Check Pods Manifest.lock";
			outputFileListPaths = (
			);
			outputPaths = (
				"$(DERIVED_FILE_DIR)/Pods-NewsApp-checkManifestLockResult.txt",
			);
			runOnlyForDeploymentPostprocessing = 0;
			shellPath = /bin/sh;
			shellScript = "diff \"${PODS_PODFILE_DIR_PATH}/Podfile.lock\" \"${PODS_ROOT}/Manifest.lock\" > /dev/null\nif [ $? != 0 ] ; then\n    # print error to STDERR\n    echo \"error: The sandbox is not in sync with the Podfile.lock. Run 'pod install' or update your CocoaPods installation.\" >&2\n    exit 1\nfi\n# This output is used by Xcode 'outputs' to avoid re-running this script phase.\necho \"SUCCESS\" > \"${SCRIPT_OUTPUT_FILE_0}\"\n";
			showEnvVarsInLog = 0;
		};
/* End PBXShellScriptBuildPhase section */

/* Begin PBXSourcesBuildPhase section */
		5D4E0558284768AD00FA4768 /* Sources */ = {
			isa = PBXSourcesBuildPhase;
			buildActionMask = 2147483647;
			files = (
				5D4E0564284768AD00FA4768 /* ViewController.swift in Sources */,
				5D4E0587284779B600FA4768 /* ResultViewModel.swift in Sources */,
				5D4E058B28477BF100FA4768 /* DetailTableViewCell.swift in Sources */,
				5D4E05B22847ABE800FA4768 /* Lazyimageloaderview.swift in Sources */,
				5D4E05812847745B00FA4768 /* Articles.swift in Sources */,
				5D4E05822847745B00FA4768 /* Source.swift in Sources */,
				5D4E057D2847743600FA4768 /* Results.swift in Sources */,
				5D4E059D284797FD00FA4768 /* DescriptionViewController.swift in Sources */,
				5D4E0560284768AD00FA4768 /* AppDelegate.swift in Sources */,
				5D4E0562284768AD00FA4768 /* SceneDelegate.swift in Sources */,
			);
			runOnlyForDeploymentPostprocessing = 0;
		};
/* End PBXSourcesBuildPhase section */

/* Begin PBXVariantGroup section */
		5D4E0565284768AD00FA4768 /* Main.storyboard */ = {
			isa = PBXVariantGroup;
			children = (
				5D4E0566284768AD00FA4768 /* Base */,
			);
			name = Main.storyboard;
			sourceTree = "<group>";
		};
		5D4E056A284768AE00FA4768 /* LaunchScreen.storyboard */ = {
			isa = PBXVariantGroup;
			children = (
				5D4E056B284768AE00FA4768 /* Base */,
			);
			name = LaunchScreen.storyboard;
			sourceTree = "<group>";
		};
/* End PBXVariantGroup section */

/* Begin XCBuildConfiguration section */
		5D4E056E284768AE00FA4768 /* Debug */ = {
			isa = XCBuildConfiguration;
			buildSettings = {
				ALWAYS_SEARCH_USER_PATHS = NO;
				CLANG_ANALYZER_NONNULL = YES;
				CLANG_ANALYZER_NUMBER_OBJECT_CONVERSION = YES_AGGRESSIVE;
				CLANG_CXX_LANGUAGE_STANDARD = "gnu++14";
				CLANG_CXX_LIBRARY = "libc++";
				CLANG_ENABLE_MODULES = YES;
				CLANG_ENABLE_OBJC_ARC = YES;
				CLANG_ENABLE_OBJC_WEAK = YES;
				CLANG_WARN_BLOCK_CAPTURE_AUTORELEASING = YES;
				CLANG_WARN_BOOL_CONVERSION = YES;
				CLANG_WARN_COMMA = YES;
				CLANG_WARN_CONSTANT_CONVERSION = YES;
				CLANG_WARN_DEPRECATED_OBJC_IMPLEMENTATIONS = YES;
				CLANG_WARN_DIRECT_OBJC_ISA_USAGE = YES_ERROR;
				CLANG_WARN_DOCUMENTATION_COMMENTS = YES;
				CLANG_WARN_EMPTY_BODY = YES;
				CLANG_WARN_ENUM_CONVERSION = YES;
				CLANG_WARN_INFINITE_RECURSION = YES;
				CLANG_WARN_INT_CONVERSION = YES;
				CLANG_WARN_NON_LITERAL_NULL_CONVERSION = YES;
				CLANG_WARN_OBJC_IMPLICIT_RETAIN_SELF = YES;
				CLANG_WARN_OBJC_LITERAL_CONVERSION = YES;
				CLANG_WARN_OBJC_ROOT_CLASS = YES_ERROR;
				CLANG_WARN_QUOTED_INCLUDE_IN_FRAMEWORK_HEADER = YES;
				CLANG_WARN_RANGE_LOOP_ANALYSIS = YES;
				CLANG_WARN_STRICT_PROTOTYPES = YES;
				CLANG_WARN_SUSPICIOUS_MOVE = YES;
				CLANG_WARN_UNGUARDED_AVAILABILITY = YES_AGGRESSIVE;
				CLANG_WARN_UNREACHABLE_CODE = YES;
				CLANG_WARN__DUPLICATE_METHOD_MATCH = YES;
				COPY_PHASE_STRIP = NO;
				DEBUG_INFORMATION_FORMAT = dwarf;
				ENABLE_STRICT_OBJC_MSGSEND = YES;
				ENABLE_TESTABILITY = YES;
				GCC_C_LANGUAGE_STANDARD = gnu11;
				GCC_DYNAMIC_NO_PIC = NO;
				GCC_NO_COMMON_BLOCKS = YES;
				GCC_OPTIMIZATION_LEVEL = 0;
				GCC_PREPROCESSOR_DEFINITIONS = (
					"DEBUG=1",
					"$(inherited)",
				);
				GCC_WARN_64_TO_32_BIT_CONVERSION = YES;
				GCC_WARN_ABOUT_RETURN_TYPE = YES_ERROR;
				GCC_WARN_UNDECLARED_SELECTOR = YES;
				GCC_WARN_UNINITIALIZED_AUTOS = YES_AGGRESSIVE;
				GCC_WARN_UNUSED_FUNCTION = YES;
				GCC_WARN_UNUSED_VARIABLE = YES;
				IPHONEOS_DEPLOYMENT_TARGET = 14.4;
				MTL_ENABLE_DEBUG_INFO = INCLUDE_SOURCE;
				MTL_FAST_MATH = YES;
				ONLY_ACTIVE_ARCH = YES;
				SDKROOT = iphoneos;
				SWIFT_ACTIVE_COMPILATION_CONDITIONS = DEBUG;
				SWIFT_OPTIMIZATION_LEVEL = "-Onone";
			};
			name = Debug;
		};
		5D4E056F284768AE00FA4768 /* Release */ = {
			isa = XCBuildConfiguration;
			buildSettings = {
				ALWAYS_SEARCH_USER_PATHS = NO;
				CLANG_ANALYZER_NONNULL = YES;
				CLANG_ANALYZER_NUMBER_OBJECT_CONVERSION = YES_AGGRESSIVE;
				CLANG_CXX_LANGUAGE_STANDARD = "gnu++14";
				CLANG_CXX_LIBRARY = "libc++";
				CLANG_ENABLE_MODULES = YES;
				CLANG_ENABLE_OBJC_ARC = YES;
				CLANG_ENABLE_OBJC_WEAK = YES;
				CLANG_WARN_BLOCK_CAPTURE_AUTORELEASING = YES;
				CLANG_WARN_BOOL_CONVERSION = YES;
				CLANG_WARN_COMMA = YES;
				CLANG_WARN_CONSTANT_CONVERSION = YES;
				CLANG_WARN_DEPRECATED_OBJC_IMPLEMENTATIONS = YES;
				CLANG_WARN_DIRECT_OBJC_ISA_USAGE = YES_ERROR;
				CLANG_WARN_DOCUMENTATION_COMMENTS = YES;
				CLANG_WARN_EMPTY_BODY = YES;
				CLANG_WARN_ENUM_CONVERSION = YES;
				CLANG_WARN_INFINITE_RECURSION = YES;
				CLANG_WARN_INT_CONVERSION = YES;
				CLANG_WARN_NON_LITERAL_NULL_CONVERSION = YES;
				CLANG_WARN_OBJC_IMPLICIT_RETAIN_SELF = YES;
				CLANG_WARN_OBJC_LITERAL_CONVERSION = YES;
				CLANG_WARN_OBJC_ROOT_CLASS = YES_ERROR;
				CLANG_WARN_QUOTED_INCLUDE_IN_FRAMEWORK_HEADER = YES;
				CLANG_WARN_RANGE_LOOP_ANALYSIS = YES;
				CLANG_WARN_STRICT_PROTOTYPES = YES;
				CLANG_WARN_SUSPICIOUS_MOVE = YES;
				CLANG_WARN_UNGUARDED_AVAILABILITY = YES_AGGRESSIVE;
				CLANG_WARN_UNREACHABLE_CODE = YES;
				CLANG_WARN__DUPLICATE_METHOD_MATCH = YES;
				COPY_PHASE_STRIP = NO;
				DEBUG_INFORMATION_FORMAT = "dwarf-with-dsym";
				ENABLE_NS_ASSERTIONS = NO;
				ENABLE_STRICT_OBJC_MSGSEND = YES;
				GCC_C_LANGUAGE_STANDARD = gnu11;
				GCC_NO_COMMON_BLOCKS = YES;
				GCC_WARN_64_TO_32_BIT_CONVERSION = YES;
				GCC_WARN_ABOUT_RETURN_TYPE = YES_ERROR;
				GCC_WARN_UNDECLARED_SELECTOR = YES;
				GCC_WARN_UNINITIALIZED_AUTOS = YES_AGGRESSIVE;
				GCC_WARN_UNUSED_FUNCTION = YES;
				GCC_WARN_UNUSED_VARIABLE = YES;
				IPHONEOS_DEPLOYMENT_TARGET = 14.4;
				MTL_ENABLE_DEBUG_INFO = NO;
				MTL_FAST_MATH = YES;
				SDKROOT = iphoneos;
				SWIFT_COMPILATION_MODE = wholemodule;
				SWIFT_OPTIMIZATION_LEVEL = "-O";
				VALIDATE_PRODUCT = YES;
			};
			name = Release;
		};
		5D4E0571284768AE00FA4768 /* Debug */ = {
			isa = XCBuildConfiguration;
			baseConfigurationReference = 45953A6A69EFD300E7244AE8 /* Pods-NewsApp.debug.xcconfig */;
			buildSettings = {
				ASSETCATALOG_COMPILER_APPICON_NAME = AppIcon;
				ASSETCATALOG_COMPILER_GLOBAL_ACCENT_COLOR_NAME = AccentColor;
				CODE_SIGN_STYLE = Automatic;
				DEVELOPMENT_TEAM = NB5B4D8982;
				INFOPLIST_FILE = NewsApp/Info.plist;
				LD_RUNPATH_SEARCH_PATHS = (
					"$(inherited)",
					"@executable_path/Frameworks",
				);
				PRODUCT_BUNDLE_IDENTIFIER = riponsk.NewsApp;
				PRODUCT_NAME = "$(TARGET_NAME)";
				SWIFT_VERSION = 5.0;
				TARGETED_DEVICE_FAMILY = "1,2";
			};
			name = Debug;
		};
		5D4E0572284768AE00FA4768 /* Release */ = {
			isa = XCBuildConfiguration;
			baseConfigurationReference = 47B8706C3A38DCFC5CA95F68 /* Pods-NewsApp.release.xcconfig */;
			buildSettings = {
				ASSETCATALOG_COMPILER_APPICON_NAME = AppIcon;
				ASSETCATALOG_COMPILER_GLOBAL_ACCENT_COLOR_NAME = AccentColor;
				CODE_SIGN_STYLE = Automatic;
				DEVELOPMENT_TEAM = NB5B4D8982;
				INFOPLIST_FILE = NewsApp/Info.plist;
				LD_RUNPATH_SEARCH_PATHS = (
					"$(inherited)",
					"@executable_path/Frameworks",
				);
				PRODUCT_BUNDLE_IDENTIFIER = riponsk.NewsApp;
				PRODUCT_NAME = "$(TARGET_NAME)";
				SWIFT_VERSION = 5.0;
				TARGETED_DEVICE_FAMILY = "1,2";
			};
			name = Release;
		};
/* End XCBuildConfiguration section */

/* Begin XCConfigurationList section */
		5D4E0557284768AD00FA4768 /* Build configuration list for PBXProject "NewsApp" */ = {
			isa = XCConfigurationList;
			buildConfigurations = (
				5D4E056E284768AE00FA4768 /* Debug */,
				5D4E056F284768AE00FA4768 /* Release */,
			);
			defaultConfigurationIsVisible = 0;
			defaultConfigurationName = Release;
		};
		5D4E0570284768AE00FA4768 /* Build configuration list for PBXNativeTarget "NewsApp" */ = {
			isa = XCConfigurationList;
			buildConfigurations = (
				5D4E0571284768AE00FA4768 /* Debug */,
				5D4E0572284768AE00FA4768 /* Release */,
			);
			defaultConfigurationIsVisible = 0;
			defaultConfigurationName = Release;
		};
/* End XCConfigurationList section */
	};
	rootObject = 5D4E0554284768AD00FA4768 /* Project object */;
}
